
Microsoft Visual Studio Solution File, Format Version 12.00
# Visual Studio Version 17
VisualStudioVersion = 17.9.34714.143
MinimumVisualStudioVersion = 10.0.40219.1
Project("{9A19103F-16F7-4668-BE54-9A1E7A4F7556}") = "BlueprintMarket", "BlueprintMarket\BlueprintMarket.csproj", "{399308A7-BCDE-485D-9478-47585DBF4264}"
EndProject
Global
	GlobalSection(SolutionConfigurationPlatforms) = preSolution
		Debug|Any CPU = Debug|Any CPU
		Release|Any CPU = Release|Any CPU
	EndGlobalSection
	GlobalSection(ProjectConfigurationPlatforms) = postSolution
		{399308A7-BCDE-485D-9478-47585DBF4264}.Debug|Any CPU.ActiveCfg = Debug|Any CPU
		{399308A7-BCDE-485D-9478-47585DBF4264}.Debug|Any CPU.Build.0 = Debug|Any CPU
		{399308A7-BCDE-485D-9478-47585DBF4264}.Release|Any CPU.ActiveCfg = Release|Any CPU
		{399308A7-BCDE-485D-9478-47585DBF4264}.Release|Any CPU.Build.0 = Release|Any CPU
	EndGlobalSection
	GlobalSection(SolutionProperties) = preSolution
		HideSolutionNode = FALSE
	EndGlobalSection
	GlobalSection(ExtensibilityGlobals) = postSolution
		SolutionGuid = {152C318C-ACA2-492E-85AA-EB7C14941ACF}
	EndGlobalSection
EndGlobal
